
Microsoft Visual Studio Solution File, Format Version 12.00
# Visual Studio 15
VisualStudioVersion = 15.0.28307.271
MinimumVisualStudioVersion = 10.0.40219.1
Project("{FAE04EC0-301F-11D3-BF4B-00C04F79EFBC}") = "AccountNetDispatcher", "AccountNetDispatcher\AccountNetDispatcher.csproj", "{AE041E1F-1766-432F-BCCE-CD270CCDF52F}"
EndProject
Global
	GlobalSection(SolutionConfigurationPlatforms) = preSolution
		Debug|Any CPU = Debug|Any CPU
		Release|Any CPU = Release|Any CPU
	EndGlobalSection
	GlobalSection(ProjectConfigurationPlatforms) = postSolution
		{AE041E1F-1766-432F-BCCE-CD270CCDF52F}.Debug|Any CPU.ActiveCfg = Debug|Any CPU
		{AE041E1F-1766-432F-BCCE-CD270CCDF52F}.Debug|Any CPU.Build.0 = Debug|Any CPU
		{AE041E1F-1766-432F-BCCE-CD270CCDF52F}.Release|Any CPU.ActiveCfg = Release|Any CPU
		{AE041E1F-1766-432F-BCCE-CD270CCDF52F}.Release|Any CPU.Build.0 = Release|Any CPU
	EndGlobalSection
	GlobalSection(SolutionProperties) = preSolution
		HideSolutionNode = FALSE
	EndGlobalSection
	GlobalSection(ExtensibilityGlobals) = postSolution
		SolutionGuid = {FAF621BD-FD9D-4A9E-B8DB-F4C96E93A8B5}
	EndGlobalSection
EndGlobal
